{
  "nodes": {
    "flake-compat": {
      "flake": false,
      "locked": {
        "lastModified": 1747046372,
        "narHash": "sha256-CIVLLkVgvHYbgI2UpXvIIBJ12HWgX+fjA8Xf8PUmqCY=",
        "owner": "edolstra",
        "repo": "flake-compat",
        "rev": "9100a0f413b0c601e0533d1d94ffd501ce2e7885",
        "type": "github"
      },
      "original": {
        "owner": "edolstra",
        "repo": "flake-compat",
        "type": "github"
      }
    },
    "flake-compat_2": {
      "flake": false,
      "locked": {
        "lastModified": 1747046372,
        "narHash": "sha256-CIVLLkVgvHYbgI2UpXvIIBJ12HWgX+fjA8Xf8PUmqCY=",
        "owner": "edolstra",
        "repo": "flake-compat",
        "rev": "9100a0f413b0c601e0533d1d94ffd501ce2e7885",
        "type": "github"
      },
      "original": {
        "owner": "edolstra",
        "repo": "flake-compat",
        "type": "github"
      }
    },
    "flake-parts": {
      "inputs": {
        "nixpkgs-lib": [
          "neovim-nightly-overlay",
          "nixpkgs"
        ]
      },
      "locked": {
        "lastModified": 1760948891,
        "narHash": "sha256-TmWcdiUUaWk8J4lpjzu4gCGxWY6/Ok7mOK4fIFfBuU4=",
        "owner": "hercules-ci",
        "repo": "flake-parts",
        "rev": "864599284fc7c0ba6357ed89ed5e2cd5040f0c04",
        "type": "github"
      },
      "original": {
        "owner": "hercules-ci",
        "repo": "flake-parts",
        "type": "github"
      }
    },
    "git-hooks": {
      "inputs": {
        "flake-compat": "flake-compat_2",
        "gitignore": "gitignore",
        "nixpkgs": [
          "neovim-nightly-overlay",
          "nixpkgs"
        ]
      },
      "locked": {
        "lastModified": 1760663237,
        "narHash": "sha256-BflA6U4AM1bzuRMR8QqzPXqh8sWVCNDzOdsxXEguJIc=",
        "owner": "cachix",
        "repo": "git-hooks.nix",
        "rev": "ca5b894d3e3e151ffc1db040b6ce4dcc75d31c37",
        "type": "github"
      },
      "original": {
        "owner": "cachix",
        "repo": "git-hooks.nix",
        "type": "github"
      }
    },
    "gitignore": {
      "inputs": {
        "nixpkgs": [
          "neovim-nightly-overlay",
          "git-hooks",
          "nixpkgs"
        ]
      },
      "locked": {
        "lastModified": 1709087332,
        "narHash": "sha256-HG2cCnktfHsKV0s4XW83gU3F57gaTljL9KNSuG6bnQs=",
        "owner": "hercules-ci",
        "repo": "gitignore.nix",
        "rev": "637db329424fd7e46cf4185293b9cc8c88c95394",
        "type": "github"
      },
      "original": {
        "owner": "hercules-ci",
        "repo": "gitignore.nix",
        "type": "github"
      }
    },
    "hercules-ci-effects": {
      "inputs": {
        "flake-parts": [
          "neovim-nightly-overlay",
          "flake-parts"
        ],
        "nixpkgs": [
          "neovim-nightly-overlay",
          "nixpkgs"
        ]
      },
      "locked": {
        "lastModified": 1761230615,
        "narHash": "sha256-pLE7U5gOtlA/2wbKCsVRYf5DqMQ5TWBCrCfZGytDDeo=",
        "owner": "hercules-ci",
        "repo": "hercules-ci-effects",
        "rev": "7db2b867219a26781437d840ce457b75b7645154",
        "type": "github"
      },
      "original": {
        "owner": "hercules-ci",
        "repo": "hercules-ci-effects",
        "type": "github"
      }
    },
    "home-manager": {
      "inputs": {
        "nixpkgs": [
          "nixpkgs"
        ]
      },
      "locked": {
        "lastModified": 1770260404,
        "narHash": "sha256-3iVX1+7YUIt23hBx1WZsUllhbmP2EnXrV8tCRbLxHc8=",
        "owner": "nix-community",
        "repo": "home-manager",
        "rev": "0d782ee42c86b196acff08acfbf41bb7d13eed5b",
        "type": "github"
      },
      "original": {
        "owner": "nix-community",
        "ref": "release-25.11",
        "repo": "home-manager",
        "type": "github"
      }
    },
    "neovim-nightly-overlay": {
      "inputs": {
        "flake-compat": "flake-compat",
        "flake-parts": "flake-parts",
        "git-hooks": "git-hooks",
        "hercules-ci-effects": "hercules-ci-effects",
        "neovim-src": "neovim-src",
        "nixpkgs": "nixpkgs",
        "treefmt-nix": "treefmt-nix"
      },
      "locked": {
        "lastModified": 1761437965,
        "narHash": "sha256-X4SNeOXdFkE7Gt+waO5ck3TqfqWskqJHxt1WIu3nnUQ=",
        "owner": "nix-community",
        "repo": "neovim-nightly-overlay",
        "rev": "21595d9f79b5da0eef177dcfdd84ca981ac253a9",
        "type": "github"
      },
      "original": {
        "owner": "nix-community",
        "repo": "neovim-nightly-overlay",
        "rev": "21595d9f79b5da0eef177dcfdd84ca981ac253a9",
        "type": "github"
      }
    },
    "neovim-src": {
      "flake": false,
      "locked": {
        "lastModified": 1761434579,
        "narHash": "sha256-S+YmbP/bPETjKk6B/tlh+jwIH7K7iPoXyHLLwTqVOhk=",
        "owner": "neovim",
        "repo": "neovim",
        "rev": "a121ede1bfee2704c26159124f8f61f96c6aa136",
        "type": "github"
      },
      "original": {
        "owner": "neovim",
        "repo": "neovim",
        "type": "github"
      }
    },
    "niri-flake": {
      "inputs": {
        "niri-stable": "niri-stable",
        "niri-unstable": "niri-unstable",
        "nixpkgs": "nixpkgs_2",
        "nixpkgs-stable": "nixpkgs-stable",
        "xwayland-satellite-stable": "xwayland-satellite-stable",
        "xwayland-satellite-unstable": "xwayland-satellite-unstable"
      },
      "locked": {
        "lastModified": 1770969869,
        "narHash": "sha256-a5ZgirQt+wfRTcwsWar8IwdsR+YZxEj6bF4LRYiB/Ow=",
        "owner": "sodiboo",
        "repo": "niri-flake",
        "rev": "e39489a418aebcc4841b95600952610f95ddac49",
        "type": "github"
      },
      "original": {
        "owner": "sodiboo",
        "repo": "niri-flake",
        "type": "github"
      }
    },
    "niri-stable": {
      "flake": false,
      "locked": {
        "lastModified": 1756556321,
        "narHash": "sha256-RLD89dfjN0RVO86C/Mot0T7aduCygPGaYbog566F0Qo=",
        "owner": "YaLTeR",
        "repo": "niri",
        "rev": "01be0e65f4eb91a9cd624ac0b76aaeab765c7294",
        "type": "github"
      },
      "original": {
        "owner": "YaLTeR",
        "ref": "v25.08",
        "repo": "niri",
        "type": "github"
      }
    },
    "niri-unstable": {
      "flake": false,
      "locked": {
        "lastModified": 1770966998,
        "narHash": "sha256-UDJwlNU7lP6lfHNzYtNM5jgvGrKmZ+R3Tr6lM+8hNLQ=",
        "owner": "YaLTeR",
        "repo": "niri",
        "rev": "c1146c0befd31358910c78672ee987ee336b889a",
        "type": "github"
      },
      "original": {
        "owner": "YaLTeR",
        "repo": "niri",
        "type": "github"
      }
    },
    "nixpkgs": {
      "locked": {
        "lastModified": 1761349956,
        "narHash": "sha256-tH3wHnOJms+U4k/rK2Nn1RfBrhffX92jLP/2VndSn0w=",
        "owner": "NixOS",
        "repo": "nixpkgs",
        "rev": "02f2cb8e0feb4596d20cc52fda73ccee960e3538",
        "type": "github"
      },
      "original": {
        "owner": "NixOS",
        "ref": "nixpkgs-unstable",
        "repo": "nixpkgs",
        "type": "github"
      }
    },
    "nixpkgs-stable": {
      "locked": {
        "lastModified": 1770770419,
        "narHash": "sha256-iKZMkr6Cm9JzWlRYW/VPoL0A9jVKtZYiU4zSrVeetIs=",
        "owner": "NixOS",
        "repo": "nixpkgs",
        "rev": "6c5e707c6b5339359a9a9e215c5e66d6d802fd7a",
        "type": "github"
      },
      "original": {
        "owner": "NixOS",
        "ref": "nixos-25.11",
        "repo": "nixpkgs",
        "type": "github"
      }
    },
    "nixpkgs_2": {
      "locked": {
        "lastModified": 1770841267,
        "narHash": "sha256-9xejG0KoqsoKEGp2kVbXRlEYtFFcDTHjidiuX8hGO44=",
        "owner": "NixOS",
        "repo": "nixpkgs",
        "rev": "ec7c70d12ce2fc37cb92aff673dcdca89d187bae",
        "type": "github"
      },
      "original": {
        "owner": "NixOS",
        "ref": "nixos-unstable",
        "repo": "nixpkgs",
        "type": "github"
      }
    },
    "nixpkgs_3": {
      "locked": {
        "lastModified": 1771015374,
        "narHash": "sha256-/kqmOJJyBzuV+Cy1DRrsBAEM6o6YeSBo2Snz9gLhdLg=",
        "owner": "NixOS",
        "repo": "nixpkgs",
        "rev": "62b8389bcd6d75e2a1b335053e09c6cdc64ff95b",
        "type": "github"
      },
      "original": {
        "owner": "NixOS",
        "ref": "release-25.11",
        "repo": "nixpkgs",
        "type": "github"
      }
    },
    "nixpkgs_4": {
      "locked": {
        "lastModified": 1767767207,
        "narHash": "sha256-Mj3d3PfwltLmukFal5i3fFt27L6NiKXdBezC1EBuZs4=",
        "owner": "nixos",
        "repo": "nixpkgs",
        "rev": "5912c1772a44e31bf1c63c0390b90501e5026886",
        "type": "github"
      },
      "original": {
        "owner": "nixos",
        "ref": "nixos-unstable",
        "repo": "nixpkgs",
        "type": "github"
      }
    },
    "noctalia": {
      "inputs": {
        "nixpkgs": "nixpkgs_4"
      },
      "locked": {
        "lastModified": 1771016965,
        "narHash": "sha256-SAv+fn0Ngv+gFPKkNjYhc3/JQyJoO2DoBj6VG2fRSm0=",
        "owner": "noctalia-dev",
        "repo": "noctalia-shell",
        "rev": "f08b1d5666ce9bd8d9ca7ffba65ea43dd75a4908",
        "type": "github"
      },
      "original": {
        "owner": "noctalia-dev",
        "repo": "noctalia-shell",
        "type": "github"
      }
    },
    "root": {
      "inputs": {
        "home-manager": "home-manager",
        "neovim-nightly-overlay": "neovim-nightly-overlay",
        "niri-flake": "niri-flake",
        "nixpkgs": "nixpkgs_3",
        "noctalia": "noctalia"
      }
    },
    "treefmt-nix": {
      "inputs": {
        "nixpkgs": [
          "neovim-nightly-overlay",
          "nixpkgs"
        ]
      },
      "locked": {
        "lastModified": 1761311587,
        "narHash": "sha256-Msq86cR5SjozQGCnC6H8C+0cD4rnx91BPltZ9KK613Y=",
        "owner": "numtide",
        "repo": "treefmt-nix",
        "rev": "2eddae033e4e74bf581c2d1dfa101f9033dbd2dc",
        "type": "github"
      },
      "original": {
        "owner": "numtide",
        "repo": "treefmt-nix",
        "type": "github"
      }
    },
    "xwayland-satellite-stable": {
      "flake": false,
      "locked": {
        "lastModified": 1755491097,
        "narHash": "sha256-m+9tUfsmBeF2Gn4HWa6vSITZ4Gz1eA1F5Kh62B0N4oE=",
        "owner": "Supreeeme",
        "repo": "xwayland-satellite",
        "rev": "388d291e82ffbc73be18169d39470f340707edaa",
        "type": "github"
      },
      "original": {
        "owner": "Supreeeme",
        "ref": "v0.7",
        "repo": "xwayland-satellite",
        "type": "github"
      }
    },
    "xwayland-satellite-unstable": {
      "flake": false,
      "locked": {
        "lastModified": 1770583271,
        "narHash": "sha256-Q75S8cEqJoZ92s1y4zArvk2U1ayAy2E4SaF7gbNXkYQ=",
        "owner": "Supreeeme",
        "repo": "xwayland-satellite",
        "rev": "86f5bd5d867ad6e120935dfe825f6b903ebbeddd",
        "type": "github"
      },
      "original": {
        "owner": "Supreeeme",
        "repo": "xwayland-satellite",
        "type": "github"
      }
    }
  },
  "root": "root",
  "version": 7
}
